
Microsoft Visual Studio Solution File, Format Version 12.00
# Visual Studio Version 17
VisualStudioVersion = 17.9.34728.123
MinimumVisualStudioVersion = 10.0.40219.1
Project("{FAE04EC0-301F-11D3-BF4B-00C04F79EFBC}") = "Ejercicios.Semana", "Ejercicios.Semana\Ejercicios.Semana.csproj", "{14058F0C-40CB-44B2-A89F-1F426932EDDA}"
EndProject
Global
	GlobalSection(SolutionConfigurationPlatforms) = preSolution
		Debug|Any CPU = Debug|Any CPU
		Release|Any CPU = Release|Any CPU
	EndGlobalSection
	GlobalSection(ProjectConfigurationPlatforms) = postSolution
		{14058F0C-40CB-44B2-A89F-1F426932EDDA}.Debug|Any CPU.ActiveCfg = Debug|Any CPU
		{14058F0C-40CB-44B2-A89F-1F426932EDDA}.Debug|Any CPU.Build.0 = Debug|Any CPU
		{14058F0C-40CB-44B2-A89F-1F426932EDDA}.Release|Any CPU.ActiveCfg = Release|Any CPU
		{14058F0C-40CB-44B2-A89F-1F426932EDDA}.Release|Any CPU.Build.0 = Release|Any CPU
	EndGlobalSection
	GlobalSection(SolutionProperties) = preSolution
		HideSolutionNode = FALSE
	EndGlobalSection
	GlobalSection(ExtensibilityGlobals) = postSolution
		SolutionGuid = {412FF69A-4F5D-4ADD-A8A2-1118B5C53032}
	EndGlobalSection
EndGlobal
